github.com/gorilla/mux v1.7.3 h1:gnP5JzjVOuiZD07fKKToCAOjS0yOpj/qPETTXCCS6hw=
github.com/gorilla/mux v1.7.3/go.mod h1:1lud6UwP+6orDFRuTfBEV8e9/aOM/c4fVVCaMa2zaAs=
github.com/mediocregopher/radix.v2 v0.0.0-20181115013041-b67df6e626f9 h1:ViNuGS149jgnttqhc6XQNPwdupEMBXqCx9wtlW7P3sA=
github.com/mediocregopher/radix.v2 v0.0.0-20181115013041-b67df6e626f9/go.mod h1:fLRUbhbSd5Px2yKUaGYYPltlyxi1guJz1vCmo1RQL50=
github.com/streadway/amqp v0.0.0-20200108173154-1c71cc93ed71 h1:2MR0pKUzlP3SGgj5NYJe/zRYDwOu9ku6YHy+Iw7l5DM=
github.com/streadway/amqp v0.0.0-20200108173154-1c71cc93ed71/go.mod h1:AZpEONHx3DKn8O/DFsRAY58/XVQiIPMTMB1SddzLXVw=
